// !$*UTF8*$!
{
	archiveVersion = 1;
	classes = {
	};
	objectVersion = 56;
	objects = {

/* Begin PBXBuildFile section */
		71692A3E2968507D008E9DE8 /* SignInView.swift in Sources */ = {isa = PBXBuildFile; fileRef = 71692A3D2968507D008E9DE8 /* SignInView.swift */; };
		AA28000000000000000000AA /* Feedback.swift in Sources */ = {isa = PBXBuildFile; fileRef = BB28000000000000000000BB /* Feedback.swift */; };
		AA29000000000000000000AA /* FeedbacksViewModel.swift in Sources */ = {isa = PBXBuildFile; fileRef = BB29000000000000000000BB /* FeedbacksViewModel.swift */; };
		718419AF293A5C2A00D77CE3 /* MoniCropApp.swift in Sources */ = {isa = PBXBuildFile; fileRef = 718419AE293A5C2A00D77CE3 /* MoniCropApp.swift */; };
		718419B3293A5C2F00D77CE3 /* Assets.xcassets in Resources */ = {isa = PBXBuildFile; fileRef = 718419B2293A5C2F00D77CE3 /* Assets.xcassets */; };
		718419B6293A5C2F00D77CE3 /* Preview Assets.xcassets in Resources */ = {isa = PBXBuildFile; fileRef = 718419B5293A5C2F00D77CE3 /* Preview Assets.xcassets */; };
		71FE2E662969DB2A00128E61 /* ForgotPasswordView.swift in Sources */ = {isa = PBXBuildFile; fileRef = 71FE2E652969DB2A00128E61 /* ForgotPasswordView.swift */; };
		AA01000000000000000000AA /* LandingView.swift in Sources */ = {isa = PBXBuildFile; fileRef = BB01000000000000000000BB /* LandingView.swift */; };
		AA02000000000000000000AA /* AboutUsView.swift in Sources */ = {isa = PBXBuildFile; fileRef = BB02000000000000000000BB /* AboutUsView.swift */; };
		AA03000000000000000000AA /* FirstSignUpView.swift in Sources */ = {isa = PBXBuildFile; fileRef = BB03000000000000000000BB /* FirstSignUpView.swift */; };
		AA04000000000000000000AA /* SecondSignUpView.swift in Sources */ = {isa = PBXBuildFile; fileRef = BB04000000000000000000BB /* SecondSignUpView.swift */; };
		AA05000000000000000000AA /* HamburgerMenuView.swift in Sources */ = {isa = PBXBuildFile; fileRef = BB05000000000000000000BB /* HamburgerMenuView.swift */; };
		AA06000000000000000000AA /* MainView.swift in Sources */ = {isa = PBXBuildFile; fileRef = BB06000000000000000000BB /* MainView.swift */; };
		AA07000000000000000000AA /* MenuView.swift in Sources */ = {isa = PBXBuildFile; fileRef = BB07000000000000000000BB /* MenuView.swift */; };
		AA08000000000000000000AA /* ViewDataView.swift in Sources */ = {isa = PBXBuildFile; fileRef = BB08000000000000000000BB /* ViewDataView.swift */; };
		AA09000000000000000000AA /* ViewItemsView.swift in Sources */ = {isa = PBXBuildFile; fileRef = BB09000000000000000000BB /* ViewItemsView.swift */; };
		AA10000000000000000000AA /* FirstEditAccountView.swift in Sources */ = {isa = PBXBuildFile; fileRef = BB10000000000000000000BB /* FirstEditAccountView.swift */; };
		AA11000000000000000000AA /* SecondEditAccountView.swift in Sources */ = {isa = PBXBuildFile; fileRef = BB11000000000000000000BB /* SecondEditAccountView.swift */; };
		AA12000000000000000000AA /* CustomerFeedbackView.swift in Sources */ = {isa = PBXBuildFile; fileRef = BB12000000000000000000BB /* CustomerFeedbackView.swift */; };
		AA13000000000000000000AA /* ConfirmationView.swift in Sources */ = {isa = PBXBuildFile; fileRef = BB13000000000000000000BB /* ConfirmationView.swift */; };
		AA14000000000000000000AA /* DisableDeleteView.swift in Sources */ = {isa = PBXBuildFile; fileRef = BB14000000000000000000BB /* DisableDeleteView.swift */; };
		AA15000000000000000000AA /* WorkplaceDetailsView.swift in Sources */ = {isa = PBXBuildFile; fileRef = BB15000000000000000000BB /* WorkplaceDetailsView.swift */; };
		AA16000000000000000000AA /* SecureTextFieldView.swift in Sources */ = {isa = PBXBuildFile; fileRef = BB16000000000000000000BB /* SecureTextFieldView.swift */; };
		AA17000000000000000000AA /* ReSecureTextFieldView.swift in Sources */ = {isa = PBXBuildFile; fileRef = BB17000000000000000000BB /* ReSecureTextFieldView.swift */; };
		AA18000000000000000000AA /* RadioButtonFieldView.swift in Sources */ = {isa = PBXBuildFile; fileRef = BB18000000000000000000BB /* RadioButtonFieldView.swift */; };
		AA19000000000000000000AA /* CellItemView.swift in Sources */ = {isa = PBXBuildFile; fileRef = BB19000000000000000000BB /* CellItemView.swift */; };
		AA20000000000000000000AA /* BarView.swift in Sources */ = {isa = PBXBuildFile; fileRef = BB20000000000000000000BB /* BarView.swift */; };
		AA21000000000000000000AA /* ApplicationData.swift in Sources */ = {isa = PBXBuildFile; fileRef = BB21000000000000000000BB /* ApplicationData.swift */; };
		AA22000000000000000000AA /* Config.swift in Sources */ = {isa = PBXBuildFile; fileRef = BB22000000000000000000BB /* Config.swift */; };
		AA23000000000000000000AA /* User.swift in Sources */ = {isa = PBXBuildFile; fileRef = BB23000000000000000000BB /* User.swift */; };
		AA24000000000000000000AA /* Item.swift in Sources */ = {isa = PBXBuildFile; fileRef = BB24000000000000000000BB /* Item.swift */; };
		AA25000000000000000000AA /* ItemsViewModel.swift in Sources */ = {isa = PBXBuildFile; fileRef = BB25000000000000000000BB /* ItemsViewModel.swift */; };
		AA26000000000000000000AA /* UsersViewModel.swift in Sources */ = {isa = PBXBuildFile; fileRef = BB26000000000000000000BB /* UsersViewModel.swift */; };
		AA27000000000000000000AA /* ContentView.swift in Sources */ = {isa = PBXBuildFile; fileRef = BB27000000000000000000BB /* ContentView.swift */; };
		A13C3DA7A9444724BA845FF9 /* HumidityLevelView.swift in Sources */ = {isa = PBXBuildFile; fileRef = 96C60F61A24C4721A18148EC /* HumidityLevelView.swift */; };
		DC87D8E91E1B4789862B3324 /* PHLevelView.swift in Sources */ = {isa = PBXBuildFile; fileRef = 164382727C2D4CE78CA9AA2D /* PHLevelView.swift */; };
		A3BDDB6191DB4F3C826469EC /* SalinityLevelView.swift in Sources */ = {isa = PBXBuildFile; fileRef = AFBACC73064E4D2FBEB3F6CC /* SalinityLevelView.swift */; };
		0E2B1E0554EF4583A78E3F07 /* WaterLevelView.swift in Sources */ = {isa = PBXBuildFile; fileRef = 85CF22F6237D43C2B5AB6BE5 /* WaterLevelView.swift */; };
		3FC2AEFCCEBD416D96AA1AC9 /* GrowthSpeedView.swift in Sources */ = {isa = PBXBuildFile; fileRef = 9590AD0977F54DAA9823F313 /* GrowthSpeedView.swift */; };
		EEBCB3985B9E44A39378E808 /* SoilTemperatureView.swift in Sources */ = {isa = PBXBuildFile; fileRef = 886B5C6136E9452181EA1082 /* SoilTemperatureView.swift */; };
		DD01000000000000000000DD /* GoogleService-Info.plist in Resources */ = {isa = PBXBuildFile; fileRef = CC01000000000000000000CC /* GoogleService-Info.plist */; };
/* End PBXBuildFile section */

/* Begin PBXFileReference section */
		71692A3D2968507D008E9DE8 /* SignInView.swift */ = {isa = PBXFileReference; lastKnownFileType = sourcecode.swift; path = SignInView.swift; sourceTree = "<group>"; };
		BB28000000000000000000BB /* Feedback.swift */ = {isa = PBXFileReference; lastKnownFileType = sourcecode.swift; path = Feedback.swift; sourceTree = "<group>"; };
		BB29000000000000000000BB /* FeedbacksViewModel.swift */ = {isa = PBXFileReference; lastKnownFileType = sourcecode.swift; path = FeedbacksViewModel.swift; sourceTree = "<group>"; };
		718419AB293A5C2A00D77CE3 /* MoniCrop.app */ = {isa = PBXFileReference; explicitFileType = wrapper.application; includeInIndex = 0; path = MoniCrop.app; sourceTree = BUILT_PRODUCTS_DIR; };
		718419AE293A5C2A00D77CE3 /* MoniCropApp.swift */ = {isa = PBXFileReference; lastKnownFileType = sourcecode.swift; path = MoniCropApp.swift; sourceTree = "<group>"; };
		718419B2293A5C2F00D77CE3 /* Assets.xcassets */ = {isa = PBXFileReference; lastKnownFileType = folder.assetcatalog; path = Assets.xcassets; sourceTree = "<group>"; };
		718419B5293A5C2F00D77CE3 /* Preview Assets.xcassets */ = {isa = PBXFileReference; lastKnownFileType = folder.assetcatalog; path = "Preview Assets.xcassets"; sourceTree = "<group>"; };
		71FE2E652969DB2A00128E61 /* ForgotPasswordView.swift */ = {isa = PBXFileReference; lastKnownFileType = sourcecode.swift; path = ForgotPasswordView.swift; sourceTree = "<group>"; };
		BB01000000000000000000BB /* LandingView.swift */ = {isa = PBXFileReference; lastKnownFileType = sourcecode.swift; path = LandingView.swift; sourceTree = "<group>"; };
		BB02000000000000000000BB /* AboutUsView.swift */ = {isa = PBXFileReference; lastKnownFileType = sourcecode.swift; path = AboutUsView.swift; sourceTree = "<group>"; };
		BB03000000000000000000BB /* FirstSignUpView.swift */ = {isa = PBXFileReference; lastKnownFileType = sourcecode.swift; path = FirstSignUpView.swift; sourceTree = "<group>"; };
		BB04000000000000000000BB /* SecondSignUpView.swift */ = {isa = PBXFileReference; lastKnownFileType = sourcecode.swift; path = SecondSignUpView.swift; sourceTree = "<group>"; };
		BB05000000000000000000BB /* HamburgerMenuView.swift */ = {isa = PBXFileReference; lastKnownFileType = sourcecode.swift; path = HamburgerMenuView.swift; sourceTree = "<group>"; };
		BB06000000000000000000BB /* MainView.swift */ = {isa = PBXFileReference; lastKnownFileType = sourcecode.swift; path = MainView.swift; sourceTree = "<group>"; };
		BB07000000000000000000BB /* MenuView.swift */ = {isa = PBXFileReference; lastKnownFileType = sourcecode.swift; path = MenuView.swift; sourceTree = "<group>"; };
		BB08000000000000000000BB /* ViewDataView.swift */ = {isa = PBXFileReference; lastKnownFileType = sourcecode.swift; path = ViewDataView.swift; sourceTree = "<group>"; };
		BB09000000000000000000BB /* ViewItemsView.swift */ = {isa = PBXFileReference; lastKnownFileType = sourcecode.swift; path = ViewItemsView.swift; sourceTree = "<group>"; };
		BB10000000000000000000BB /* FirstEditAccountView.swift */ = {isa = PBXFileReference; lastKnownFileType = sourcecode.swift; path = FirstEditAccountView.swift; sourceTree = "<group>"; };
		BB11000000000000000000BB /* SecondEditAccountView.swift */ = {isa = PBXFileReference; lastKnownFileType = sourcecode.swift; path = SecondEditAccountView.swift; sourceTree = "<group>"; };
		BB12000000000000000000BB /* CustomerFeedbackView.swift */ = {isa = PBXFileReference; lastKnownFileType = sourcecode.swift; path = CustomerFeedbackView.swift; sourceTree = "<group>"; };
		BB13000000000000000000BB /* ConfirmationView.swift */ = {isa = PBXFileReference; lastKnownFileType = sourcecode.swift; path = ConfirmationView.swift; sourceTree = "<group>"; };
		BB14000000000000000000BB /* DisableDeleteView.swift */ = {isa = PBXFileReference; lastKnownFileType = sourcecode.swift; path = DisableDeleteView.swift; sourceTree = "<group>"; };
		BB15000000000000000000BB /* WorkplaceDetailsView.swift */ = {isa = PBXFileReference; lastKnownFileType = sourcecode.swift; path = WorkplaceDetailsView.swift; sourceTree = "<group>"; };
		BB16000000000000000000BB /* SecureTextFieldView.swift */ = {isa = PBXFileReference; lastKnownFileType = sourcecode.swift; path = SecureTextFieldView.swift; sourceTree = "<group>"; };
		BB17000000000000000000BB /* ReSecureTextFieldView.swift */ = {isa = PBXFileReference; lastKnownFileType = sourcecode.swift; path = ReSecureTextFieldView.swift; sourceTree = "<group>"; };
		BB18000000000000000000BB /* RadioButtonFieldView.swift */ = {isa = PBXFileReference; lastKnownFileType = sourcecode.swift; path = RadioButtonFieldView.swift; sourceTree = "<group>"; };
		BB19000000000000000000BB /* CellItemView.swift */ = {isa = PBXFileReference; lastKnownFileType = sourcecode.swift; path = CellItemView.swift; sourceTree = "<group>"; };
		BB20000000000000000000BB /* BarView.swift */ = {isa = PBXFileReference; lastKnownFileType = sourcecode.swift; path = BarView.swift; sourceTree = "<group>"; };
		BB21000000000000000000BB /* ApplicationData.swift */ = {isa = PBXFileReference; lastKnownFileType = sourcecode.swift; path = ApplicationData.swift; sourceTree = "<group>"; };
		BB22000000000000000000BB /* Config.swift */ = {isa = PBXFileReference; lastKnownFileType = sourcecode.swift; path = Config.swift; sourceTree = "<group>"; };
		BB23000000000000000000BB /* User.swift */ = {isa = PBXFileReference; lastKnownFileType = sourcecode.swift; path = User.swift; sourceTree = "<group>"; };
		BB24000000000000000000BB /* Item.swift */ = {isa = PBXFileReference; lastKnownFileType = sourcecode.swift; path = Item.swift; sourceTree = "<group>"; };
		BB25000000000000000000BB /* ItemsViewModel.swift */ = {isa = PBXFileReference; lastKnownFileType = sourcecode.swift; path = ItemsViewModel.swift; sourceTree = "<group>"; };
		BB26000000000000000000BB /* UsersViewModel.swift */ = {isa = PBXFileReference; lastKnownFileType = sourcecode.swift; path = UsersViewModel.swift; sourceTree = "<group>"; };
		BB27000000000000000000BB /* ContentView.swift */ = {isa = PBXFileReference; lastKnownFileType = sourcecode.swift; path = ContentView.swift; sourceTree = "<group>"; };
		96C60F61A24C4721A18148EC /* HumidityLevelView.swift */ = {isa = PBXFileReference; lastKnownFileType = sourcecode.swift; path = HumidityLevelView.swift; sourceTree = "<group>"; };
		164382727C2D4CE78CA9AA2D /* PHLevelView.swift */ = {isa = PBXFileReference; lastKnownFileType = sourcecode.swift; path = PHLevelView.swift; sourceTree = "<group>"; };
		AFBACC73064E4D2FBEB3F6CC /* SalinityLevelView.swift */ = {isa = PBXFileReference; lastKnownFileType = sourcecode.swift; path = SalinityLevelView.swift; sourceTree = "<group>"; };
		85CF22F6237D43C2B5AB6BE5 /* WaterLevelView.swift */ = {isa = PBXFileReference; lastKnownFileType = sourcecode.swift; path = WaterLevelView.swift; sourceTree = "<group>"; };
		9590AD0977F54DAA9823F313 /* GrowthSpeedView.swift */ = {isa = PBXFileReference; lastKnownFileType = sourcecode.swift; path = GrowthSpeedView.swift; sourceTree = "<group>"; };
		886B5C6136E9452181EA1082 /* SoilTemperatureView.swift */ = {isa = PBXFileReference; lastKnownFileType = sourcecode.swift; path = SoilTemperatureView.swift; sourceTree = "<group>"; };
		CC01000000000000000000CC /* GoogleService-Info.plist */ = {isa = PBXFileReference; lastKnownFileType = text.plist.xml; path = "GoogleService-Info.plist"; sourceTree = "<group>"; };
/* End PBXFileReference section */

/* Begin PBXFrameworksBuildPhase section */
		718419A8293A5C2A00D77CE3 /* Frameworks */ = {
			isa = PBXFrameworksBuildPhase;
			buildActionMask = 2147483647;
			files = (
			);
			runOnlyForDeploymentPostprocessing = 0;
		};
/* End PBXFrameworksBuildPhase section */

/* Begin PBXGroup section */
		718419A2293A5C2A00D77CE3 = {
			isa = PBXGroup;
			children = (
				718419AD293A5C2A00D77CE3 /* MoniCrop */,
				718419AC293A5C2A00D77CE3 /* Products */,
			);
			sourceTree = "<group>";
		};
		718419AC293A5C2A00D77CE3 /* Products */ = {
			isa = PBXGroup;
			children = (
				718419AB293A5C2A00D77CE3 /* MoniCrop.app */,
			);
			name = Products;
			sourceTree = "<group>";
		};
		718419AD293A5C2A00D77CE3 /* MoniCrop */ = {
			isa = PBXGroup;
			children = (
				718419AE293A5C2A00D77CE3 /* MoniCropApp.swift */,
				BB21000000000000000000BB /* ApplicationData.swift */,
				BB22000000000000000000BB /* Config.swift */,
				CC02000000000000000000CC /* Models */,
				CC03000000000000000000CC /* ViewModels */,
				CC04000000000000000000CC /* Views */,
				CC01000000000000000000CC /* GoogleService-Info.plist */,
				718419B2293A5C2F00D77CE3 /* Assets.xcassets */,
				718419B4293A5C2F00D77CE3 /* Preview Content */,
			);
			path = MoniCrop;
			sourceTree = "<group>";
		};
		718419B4293A5C2F00D77CE3 /* Preview Content */ = {
			isa = PBXGroup;
			children = (
				718419B5293A5C2F00D77CE3 /* Preview Assets.xcassets */,
			);
			path = "Preview Content";
			sourceTree = "<group>";
		};
		CC02000000000000000000CC /* Models */ = {
			isa = PBXGroup;
			children = (
				BB23000000000000000000BB /* User.swift */,
				BB24000000000000000000BB /* Item.swift */,
				BB28000000000000000000BB /* Feedback.swift */,
			);
			path = Models;
			sourceTree = "<group>";
		};
		CC03000000000000000000CC /* ViewModels */ = {
			isa = PBXGroup;
			children = (
				BB25000000000000000000BB /* ItemsViewModel.swift */,
				BB26000000000000000000BB /* UsersViewModel.swift */,
				BB29000000000000000000BB /* FeedbacksViewModel.swift */,
			);
			path = ViewModels;
			sourceTree = "<group>";
		};
		CC04000000000000000000CC /* Views */ = {
			isa = PBXGroup;
			children = (
				BB27000000000000000000BB /* ContentView.swift */,
				71692A3D2968507D008E9DE8 /* SignInView.swift */,
				71FE2E652969DB2A00128E61 /* ForgotPasswordView.swift */,
				BB01000000000000000000BB /* LandingView.swift */,
				BB02000000000000000000BB /* AboutUsView.swift */,
				BB03000000000000000000BB /* FirstSignUpView.swift */,
				BB04000000000000000000BB /* SecondSignUpView.swift */,
				BB05000000000000000000BB /* HamburgerMenuView.swift */,
				BB06000000000000000000BB /* MainView.swift */,
				BB07000000000000000000BB /* MenuView.swift */,
				BB08000000000000000000BB /* ViewDataView.swift */,
				BB09000000000000000000BB /* ViewItemsView.swift */,
				BB10000000000000000000BB /* FirstEditAccountView.swift */,
				BB11000000000000000000BB /* SecondEditAccountView.swift */,
				BB12000000000000000000BB /* CustomerFeedbackView.swift */,
				BB13000000000000000000BB /* ConfirmationView.swift */,
				BB14000000000000000000BB /* DisableDeleteView.swift */,
				BB15000000000000000000BB /* WorkplaceDetailsView.swift */,
				BB16000000000000000000BB /* SecureTextFieldView.swift */,
				BB17000000000000000000BB /* ReSecureTextFieldView.swift */,
				BB18000000000000000000BB /* RadioButtonFieldView.swift */,
				BB19000000000000000000BB /* CellItemView.swift */,
				BB20000000000000000000BB /* BarView.swift */,
				96C60F61A24C4721A18148EC /* HumidityLevelView.swift */,
				164382727C2D4CE78CA9AA2D /* PHLevelView.swift */,
				AFBACC73064E4D2FBEB3F6CC /* SalinityLevelView.swift */,
				85CF22F6237D43C2B5AB6BE5 /* WaterLevelView.swift */,
				9590AD0977F54DAA9823F313 /* GrowthSpeedView.swift */,
				886B5C6136E9452181EA1082 /* SoilTemperatureView.swift */,
			);
			path = Views;
			sourceTree = "<group>";
		};
/* End PBXGroup section */

/* Begin PBXNativeTarget section */
		718419AA293A5C2A00D77CE3 /* MoniCrop */ = {
			isa = PBXNativeTarget;
			buildConfigurationList = 718419CF293A5C3000D77CE3 /* Build configuration list for PBXNativeTarget "MoniCrop" */;
			buildPhases = (
				718419A7293A5C2A00D77CE3 /* Sources */,
				718419A8293A5C2A00D77CE3 /* Frameworks */,
				718419A9293A5C2A00D77CE3 /* Resources */,
			);
			buildRules = (
			);
			dependencies = (
			);
			name = MoniCrop;
			productName = MoniCrop;
			productReference = 718419AB293A5C2A00D77CE3 /* MoniCrop.app */;
			productType = "com.apple.product-type.application";
		};
/* End PBXNativeTarget section */

/* Begin PBXProject section */
		718419A3293A5C2A00D77CE3 /* Project object */ = {
			isa = PBXProject;
			attributes = {
				BuildIndependentTargetsInParallel = 1;
				LastSwiftUpdateCheck = 1410;
				LastUpgradeCheck = 2610;
				TargetAttributes = {
					718419AA293A5C2A00D77CE3 = {
						CreatedOnToolsVersion = 14.1;
					};
				};
			};
			buildConfigurationList = 718419A6293A5C2A00D77CE3 /* Build configuration list for PBXProject "MoniCrop" */;
			compatibilityVersion = "Xcode 14.0";
			developmentRegion = en;
			hasScannedForEncodings = 0;
			knownRegions = (
				en,
				Base,
			);
			mainGroup = 718419A2293A5C2A00D77CE3;
			productRefGroup = 718419AC293A5C2A00D77CE3 /* Products */;
			projectDirPath = "";
			projectRoot = "";
			targets = (
				718419AA293A5C2A00D77CE3 /* MoniCrop */,
			);
		};
/* End PBXProject section */

/* Begin PBXResourcesBuildPhase section */
		718419A9293A5C2A00D77CE3 /* Resources */ = {
			isa = PBXResourcesBuildPhase;
			buildActionMask = 2147483647;
			files = (
				718419B6293A5C2F00D77CE3 /* Preview Assets.xcassets in Resources */,
				718419B3293A5C2F00D77CE3 /* Assets.xcassets in Resources */,				DD01000000000000000000DD /* GoogleService-Info.plist in Resources */,			);
			runOnlyForDeploymentPostprocessing = 0;
		};
/* End PBXResourcesBuildPhase section */

/* Begin PBXSourcesBuildPhase section */
		718419A7293A5C2A00D77CE3 /* Sources */ = {
			isa = PBXSourcesBuildPhase;
			buildActionMask = 2147483647;
			files = (
				71692A3E2968507D008E9DE8 /* SignInView.swift in Sources */,
				718419AF293A5C2A00D77CE3 /* MoniCropApp.swift in Sources */,
				71FE2E662969DB2A00128E61 /* ForgotPasswordView.swift in Sources */,
				AA01000000000000000000AA /* LandingView.swift in Sources */,
				AA02000000000000000000AA /* AboutUsView.swift in Sources */,
				AA03000000000000000000AA /* FirstSignUpView.swift in Sources */,
				AA04000000000000000000AA /* SecondSignUpView.swift in Sources */,
				AA05000000000000000000AA /* HamburgerMenuView.swift in Sources */,
				AA06000000000000000000AA /* MainView.swift in Sources */,
				AA07000000000000000000AA /* MenuView.swift in Sources */,
				AA08000000000000000000AA /* ViewDataView.swift in Sources */,
				AA09000000000000000000AA /* ViewItemsView.swift in Sources */,
				AA10000000000000000000AA /* FirstEditAccountView.swift in Sources */,
				AA11000000000000000000AA /* SecondEditAccountView.swift in Sources */,
				AA12000000000000000000AA /* CustomerFeedbackView.swift in Sources */,
				AA13000000000000000000AA /* ConfirmationView.swift in Sources */,
				AA14000000000000000000AA /* DisableDeleteView.swift in Sources */,
				AA15000000000000000000AA /* WorkplaceDetailsView.swift in Sources */,
				AA16000000000000000000AA /* SecureTextFieldView.swift in Sources */,
				AA17000000000000000000AA /* ReSecureTextFieldView.swift in Sources */,
				AA18000000000000000000AA /* RadioButtonFieldView.swift in Sources */,
				AA19000000000000000000AA /* CellItemView.swift in Sources */,
				AA20000000000000000000AA /* BarView.swift in Sources */,
				AA21000000000000000000AA /* ApplicationData.swift in Sources */,
				AA22000000000000000000AA /* Config.swift in Sources */,
				AA23000000000000000000AA /* User.swift in Sources */,
				AA24000000000000000000AA /* Item.swift in Sources */,
				AA28000000000000000000AA /* Feedback.swift in Sources */,
				AA25000000000000000000AA /* ItemsViewModel.swift in Sources */,
				AA26000000000000000000AA /* UsersViewModel.swift in Sources */,
				AA29000000000000000000AA /* FeedbacksViewModel.swift in Sources */,
				AA27000000000000000000AA /* ContentView.swift in Sources */,
				A13C3DA7A9444724BA845FF9 /* HumidityLevelView.swift in Sources */,
				DC87D8E91E1B4789862B3324 /* PHLevelView.swift in Sources */,
				A3BDDB6191DB4F3C826469EC /* SalinityLevelView.swift in Sources */,
				0E2B1E0554EF4583A78E3F07 /* WaterLevelView.swift in Sources */,
				3FC2AEFCCEBD416D96AA1AC9 /* GrowthSpeedView.swift in Sources */,
				EEBCB3985B9E44A39378E808 /* SoilTemperatureView.swift in Sources */,
			);
			runOnlyForDeploymentPostprocessing = 0;
		};
/* End PBXSourcesBuildPhase section */

/* Begin XCBuildConfiguration section */
		718419CD293A5C3000D77CE3 /* Debug */ = {
			isa = XCBuildConfiguration;
			buildSettings = {
				ALWAYS_SEARCH_USER_PATHS = NO;
				CLANG_ANALYZER_NONNULL = YES;
				CLANG_ANALYZER_NUMBER_OBJECT_CONVERSION = YES_AGGRESSIVE;
				CLANG_CXX_LANGUAGE_STANDARD = "gnu++20";
				CLANG_ENABLE_MODULES = YES;
				CLANG_ENABLE_OBJC_ARC = YES;
				CLANG_ENABLE_OBJC_WEAK = YES;
				CLANG_WARN_BLOCK_CAPTURE_AUTORELEASING = YES;
				CLANG_WARN_BOOL_CONVERSION = YES;
				CLANG_WARN_COMMA = YES;
				CLANG_WARN_CONSTANT_CONVERSION = YES;
				CLANG_WARN_DEPRECATED_OBJC_IMPLEMENTATIONS = YES;
				CLANG_WARN_DIRECT_OBJC_ISA_USAGE = YES_ERROR;
				CLANG_WARN_DOCUMENTATION_COMMENTS = YES;
				CLANG_WARN_EMPTY_BODY = YES;
				CLANG_WARN_ENUM_CONVERSION = YES;
				CLANG_WARN_INFINITE_RECURSION = YES;
				CLANG_WARN_INT_CONVERSION = YES;
				CLANG_WARN_NON_LITERAL_NULL_CONVERSION = YES;
				CLANG_WARN_OBJC_IMPLICIT_RETAIN_SELF = YES;
				CLANG_WARN_OBJC_LITERAL_CONVERSION = YES;
				CLANG_WARN_OBJC_ROOT_CLASS = YES_ERROR;
				CLANG_WARN_QUOTED_INCLUDE_IN_FRAMEWORK_HEADER = YES;
				CLANG_WARN_RANGE_LOOP_ANALYSIS = YES;
				CLANG_WARN_STRICT_PROTOTYPES = YES;
				CLANG_WARN_SUSPICIOUS_MOVE = YES;
				CLANG_WARN_UNGUARDED_AVAILABILITY = YES_AGGRESSIVE;
				CLANG_WARN_UNREACHABLE_CODE = YES;
				CLANG_WARN__DUPLICATE_METHOD_MATCH = YES;
				COPY_PHASE_STRIP = NO;
				DEBUG_INFORMATION_FORMAT = dwarf;
				DEVELOPMENT_TEAM = 7K4G6B8W29;
				ENABLE_STRICT_OBJC_MSGSEND = YES;
				ENABLE_TESTABILITY = YES;
				ENABLE_USER_SCRIPT_SANDBOXING = YES;
				GCC_C_LANGUAGE_STANDARD = gnu11;
				GCC_DYNAMIC_NO_PIC = NO;
				GCC_NO_COMMON_BLOCKS = YES;
				GCC_OPTIMIZATION_LEVEL = 0;
				GCC_PREPROCESSOR_DEFINITIONS = (
					"DEBUG=1",
					"$(inherited)",
				);
				GCC_WARN_64_TO_32_BIT_CONVERSION = YES;
				GCC_WARN_ABOUT_RETURN_TYPE = YES_ERROR;
				GCC_WARN_UNDECLARED_SELECTOR = YES;
				GCC_WARN_UNINITIALIZED_AUTOS = YES_AGGRESSIVE;
				GCC_WARN_UNUSED_FUNCTION = YES;
				GCC_WARN_UNUSED_VARIABLE = YES;
				IPHONEOS_DEPLOYMENT_TARGET = 16.1;
				MTL_ENABLE_DEBUG_INFO = INCLUDE_SOURCE;
				MTL_FAST_MATH = YES;
				ONLY_ACTIVE_ARCH = YES;
				SDKROOT = iphoneos;
				STRING_CATALOG_GENERATE_SYMBOLS = YES;
				SWIFT_ACTIVE_COMPILATION_CONDITIONS = DEBUG;
				SWIFT_OPTIMIZATION_LEVEL = "-Onone";
			};
			name = Debug;
		};
		718419CE293A5C3000D77CE3 /* Release */ = {
			isa = XCBuildConfiguration;
			buildSettings = {
				ALWAYS_SEARCH_USER_PATHS = NO;
				CLANG_ANALYZER_NONNULL = YES;
				CLANG_ANALYZER_NUMBER_OBJECT_CONVERSION = YES_AGGRESSIVE;
				CLANG_CXX_LANGUAGE_STANDARD = "gnu++20";
				CLANG_ENABLE_MODULES = YES;
				CLANG_ENABLE_OBJC_ARC = YES;
				CLANG_ENABLE_OBJC_WEAK = YES;
				CLANG_WARN_BLOCK_CAPTURE_AUTORELEASING = YES;
				CLANG_WARN_BOOL_CONVERSION = YES;
				CLANG_WARN_COMMA = YES;
				CLANG_WARN_CONSTANT_CONVERSION = YES;
				CLANG_WARN_DEPRECATED_OBJC_IMPLEMENTATIONS = YES;
				CLANG_WARN_DIRECT_OBJC_ISA_USAGE = YES_ERROR;
				CLANG_WARN_DOCUMENTATION_COMMENTS = YES;
				CLANG_WARN_EMPTY_BODY = YES;
				CLANG_WARN_ENUM_CONVERSION = YES;
				CLANG_WARN_INFINITE_RECURSION = YES;
				CLANG_WARN_INT_CONVERSION = YES;
				CLANG_WARN_NON_LITERAL_NULL_CONVERSION = YES;
				CLANG_WARN_OBJC_IMPLICIT_RETAIN_SELF = YES;
				CLANG_WARN_OBJC_LITERAL_CONVERSION = YES;
				CLANG_WARN_OBJC_ROOT_CLASS = YES_ERROR;
				CLANG_WARN_QUOTED_INCLUDE_IN_FRAMEWORK_HEADER = YES;
				CLANG_WARN_RANGE_LOOP_ANALYSIS = YES;
				CLANG_WARN_STRICT_PROTOTYPES = YES;
				CLANG_WARN_SUSPICIOUS_MOVE = YES;
				CLANG_WARN_UNGUARDED_AVAILABILITY = YES_AGGRESSIVE;
				CLANG_WARN_UNREACHABLE_CODE = YES;
				CLANG_WARN__DUPLICATE_METHOD_MATCH = YES;
				COPY_PHASE_STRIP = NO;
				DEBUG_INFORMATION_FORMAT = "dwarf-with-dsym";
				DEVELOPMENT_TEAM = 7K4G6B8W29;
				ENABLE_NS_ASSERTIONS = NO;
				ENABLE_STRICT_OBJC_MSGSEND = YES;
				ENABLE_USER_SCRIPT_SANDBOXING = YES;
				GCC_C_LANGUAGE_STANDARD = gnu11;
				GCC_NO_COMMON_BLOCKS = YES;
				GCC_WARN_64_TO_32_BIT_CONVERSION = YES;
				GCC_WARN_ABOUT_RETURN_TYPE = YES_ERROR;
				GCC_WARN_UNDECLARED_SELECTOR = YES;
				GCC_WARN_UNINITIALIZED_AUTOS = YES_AGGRESSIVE;
				GCC_WARN_UNUSED_FUNCTION = YES;
				GCC_WARN_UNUSED_VARIABLE = YES;
				IPHONEOS_DEPLOYMENT_TARGET = 16.1;
				MTL_ENABLE_DEBUG_INFO = NO;
				MTL_FAST_MATH = YES;
				SDKROOT = iphoneos;
				STRING_CATALOG_GENERATE_SYMBOLS = YES;
				SWIFT_COMPILATION_MODE = wholemodule;
				SWIFT_OPTIMIZATION_LEVEL = "-O";
				VALIDATE_PRODUCT = YES;
			};
			name = Release;
		};
		718419D0293A5C3000D77CE3 /* Debug */ = {
			isa = XCBuildConfiguration;
			buildSettings = {
				ASSETCATALOG_COMPILER_APPICON_NAME = AppIcon;
				ASSETCATALOG_COMPILER_GLOBAL_ACCENT_COLOR_NAME = AccentColor;
				CODE_SIGN_STYLE = Automatic;
				CURRENT_PROJECT_VERSION = 1;
				DEVELOPMENT_ASSET_PATHS = "\"MoniCrop/Preview Content\"";
				DEVELOPMENT_TEAM = "";
				ENABLE_PREVIEWS = YES;
				GENERATE_INFOPLIST_FILE = YES;
				INFOPLIST_KEY_CFBundleDisplayName = MoniCrop;
				INFOPLIST_KEY_LSApplicationCategoryType = "public.app-category.business";
				INFOPLIST_KEY_UIApplicationSceneManifest_Generation = YES;
				INFOPLIST_KEY_UIApplicationSupportsIndirectInputEvents = YES;
				INFOPLIST_KEY_UILaunchScreen_Generation = YES;
				INFOPLIST_KEY_UISupportedInterfaceOrientations_iPad = "UIInterfaceOrientationPortrait UIInterfaceOrientationPortraitUpsideDown UIInterfaceOrientationLandscapeLeft UIInterfaceOrientationLandscapeRight";
				INFOPLIST_KEY_UISupportedInterfaceOrientations_iPhone = "UIInterfaceOrientationPortrait UIInterfaceOrientationLandscapeLeft UIInterfaceOrientationLandscapeRight";
				LD_RUNPATH_SEARCH_PATHS = (
					"$(inherited)",
					"@executable_path/Frameworks",
				);
				MARKETING_VERSION = 1.0;
				PRODUCT_BUNDLE_IDENTIFIER = MoniCrop.MoniCrop;
				PRODUCT_NAME = "$(TARGET_NAME)";
				SWIFT_EMIT_LOC_STRINGS = YES;
				SWIFT_VERSION = 5.0;
				TARGETED_DEVICE_FAMILY = "1,2";
			};
			name = Debug;
		};
		718419D1293A5C3000D77CE3 /* Release */ = {
			isa = XCBuildConfiguration;
			buildSettings = {
				ASSETCATALOG_COMPILER_APPICON_NAME = AppIcon;
				ASSETCATALOG_COMPILER_GLOBAL_ACCENT_COLOR_NAME = AccentColor;
				CODE_SIGN_STYLE = Automatic;
				CURRENT_PROJECT_VERSION = 1;
				DEVELOPMENT_ASSET_PATHS = "\"MoniCrop/Preview Content\"";
				DEVELOPMENT_TEAM = "";
				ENABLE_PREVIEWS = YES;
				GENERATE_INFOPLIST_FILE = YES;
				INFOPLIST_KEY_CFBundleDisplayName = MoniCrop;
				INFOPLIST_KEY_LSApplicationCategoryType = "public.app-category.business";
				INFOPLIST_KEY_UIApplicationSceneManifest_Generation = YES;
				INFOPLIST_KEY_UIApplicationSupportsIndirectInputEvents = YES;
				INFOPLIST_KEY_UILaunchScreen_Generation = YES;
				INFOPLIST_KEY_UISupportedInterfaceOrientations_iPad = "UIInterfaceOrientationPortrait UIInterfaceOrientationPortraitUpsideDown UIInterfaceOrientationLandscapeLeft UIInterfaceOrientationLandscapeRight";
				INFOPLIST_KEY_UISupportedInterfaceOrientations_iPhone = "UIInterfaceOrientationPortrait UIInterfaceOrientationLandscapeLeft UIInterfaceOrientationLandscapeRight";
				LD_RUNPATH_SEARCH_PATHS = (
					"$(inherited)",
					"@executable_path/Frameworks",
				);
				MARKETING_VERSION = 1.0;
				PRODUCT_BUNDLE_IDENTIFIER = MoniCrop.MoniCrop;
				PRODUCT_NAME = "$(TARGET_NAME)";
				SWIFT_EMIT_LOC_STRINGS = YES;
				SWIFT_VERSION = 5.0;
				TARGETED_DEVICE_FAMILY = "1,2";
			};
			name = Release;
		};
/* End XCBuildConfiguration section */

/* Begin XCConfigurationList section */
		718419A6293A5C2A00D77CE3 /* Build configuration list for PBXProject "MoniCrop" */ = {
			isa = XCConfigurationList;
			buildConfigurations = (
				718419CD293A5C3000D77CE3 /* Debug */,
				718419CE293A5C3000D77CE3 /* Release */,
			);
			defaultConfigurationIsVisible = 0;
			defaultConfigurationName = Release;
		};
		718419CF293A5C3000D77CE3 /* Build configuration list for PBXNativeTarget "MoniCrop" */ = {
			isa = XCConfigurationList;
			buildConfigurations = (
				718419D0293A5C3000D77CE3 /* Debug */,
				718419D1293A5C3000D77CE3 /* Release */,
			);
			defaultConfigurationIsVisible = 0;
			defaultConfigurationName = Release;
		};
/* End XCConfigurationList section */
	};
	rootObject = 718419A3293A5C2A00D77CE3 /* Project object */;
}
