// !$*UTF8*$!
{
	archiveVersion = 1;
	classes = {
	};
	objectVersion = 56;
	objects = {

/* Begin PBXBuildFile section */
		72AABBCCDD11223344556678 /* UsersViewModel.swift */ = {isa = PBXBuildFile; fileRef = 72AABBCCDD11223344556677 /* UsersViewModel.swift */; };
		73AABBCCDD11223344556678 /* User.swift */ = {isa = PBXBuildFile; fileRef = 73AABBCCDD11223344556677 /* User.swift */; };


		710520BE29843D26002982EA /* Item.swift */ = {isa = PBXBuildFile; fileRef = 710520BD29843D26002982EA /* Item.swift */; };
		71096C1C29F08DD1004D5D3A /* WorkplaceDetailsView.swift */ = {isa = PBXBuildFile; fileRef = 71096C1B29F08DD1004D5D3A /* WorkplaceDetailsView.swift */; };
		71096C1F29F0914C004D5D3A /* FirebaseAuth in Frameworks */ = {isa = PBXBuildFile; productRef = 71096C1E29F0914C004D5D3A /* FirebaseAuth */; };
		71096C2129F0914C004D5D3A /* FirebaseFirestore in Frameworks */ = {isa = PBXBuildFile; productRef = 71096C2029F0914C004D5D3A /* FirebaseFirestore */; };
		71096C2329F0914C004D5D3A /* FirebaseFirestoreSwift in Frameworks */ = {isa = PBXBuildFile; productRef = 71096C2229F0914C004D5D3A /* FirebaseFirestoreSwift */; };
		710A0B4129F457F600E80BE1 /* GoogleService-Info.plist */ = {isa = PBXBuildFile; fileRef = 710A0B4029F457F600E80BE1 /* GoogleService-Info.plist */; };
		710A0B4329F480FB00E80BE1 /* PHView.swift */ = {isa = PBXBuildFile; fileRef = 710A0B4229F480FB00E80BE1 /* PHView.swift */; };
		710A0B4529F484B700E80BE1 /* MoistureView.swift */ = {isa = PBXBuildFile; fileRef = 710A0B4429F484B700E80BE1 /* MoistureView.swift */; };
		710A0B4729F48ABB00E80BE1 /* ConductivityView.swift */ = {isa = PBXBuildFile; fileRef = 710A0B4629F48ABB00E80BE1 /* ConductivityView.swift */; };
		710A0B4929F48B6700E80BE1 /* TemperatureView.swift */ = {isa = PBXBuildFile; fileRef = 710A0B4829F48B6700E80BE1 /* TemperatureView.swift */; };
		710A0B4B29F48BE800E80BE1 /* DistanceView.swift */ = {isa = PBXBuildFile; fileRef = 710A0B4A29F48BE800E80BE1 /* DistanceView.swift */; };
		710A0B4D29F48C5300E80BE1 /* NitrogenView.swift */ = {isa = PBXBuildFile; fileRef = 710A0B4C29F48C5300E80BE1 /* NitrogenView.swift */; };
		710A0B4F29F48CC900E80BE1 /* PhosphorusView.swift */ = {isa = PBXBuildFile; fileRef = 710A0B4E29F48CC900E80BE1 /* PhosphorusView.swift */; };
		710A0B5129F48D6400E80BE1 /* PotassiumView.swift */ = {isa = PBXBuildFile; fileRef = 710A0B5029F48D6400E80BE1 /* PotassiumView.swift */; };
		710D6E462969D81C00DA4AEF /* ViewDataView.swift */ = {isa = PBXBuildFile; fileRef = 710D6E452969D81C00DA4AEF /* ViewDataView.swift */; };
		7163A5EE29EF32D50015E232 /* ViewItemsView.swift */ = {isa = PBXBuildFile; fileRef = 7163A5ED29EF32D50015E232 /* ViewItemsView.swift */; };
		7163A5F029EF334E0015E232 /* LandingView.swift */ = {isa = PBXBuildFile; fileRef = 7163A5EF29EF334E0015E232 /* LandingView.swift */; };
		71692A3C29685063008E9DE8 /* FirstSignUpView.swift */ = {isa = PBXBuildFile; fileRef = 71692A3B29685063008E9DE8 /* FirstSignUpView.swift */; };
		71692A3E2968507D008E9DE8 /* SignInView.swift */ = {isa = PBXBuildFile; fileRef = 71692A3D2968507D008E9DE8 /* SignInView.swift */; };
		718419AF293A5C2A00D77CE3 /* MoniCropApp.swift */ = {isa = PBXBuildFile; fileRef = 718419AE293A5C2A00D77CE3 /* MoniCropApp.swift */; };
		718419B3293A5C2F00D77CE3 /* Assets.xcassets */ = {isa = PBXBuildFile; fileRef = 718419B2293A5C2F00D77CE3 /* Assets.xcassets */; };
		718419B6293A5C2F00D77CE3 /* Preview Assets.xcassets */ = {isa = PBXBuildFile; fileRef = 718419B5293A5C2F00D77CE3 /* Preview Assets.xcassets */; };

		71B1F04A29F05784004EA5F1 /* FirstEditAccountView.swift */ = {isa = PBXBuildFile; fileRef = 71B1F04929F05783004EA5F1 /* FirstEditAccountView.swift */; };
		71BA98D22EDB5F760068CAEF /* Config.swift */ = {isa = PBXBuildFile; fileRef = 71BA98D12EDB5F760068CAEF /* Config.swift */; };
		71D3744F2988365300755046 /* HomeView.swift */ = {isa = PBXBuildFile; fileRef = 71D3744E2988365300755046 /* HomeView.swift */; };
		71D9452029854E330092C58B /* ErrorView.swift */ = {isa = PBXBuildFile; fileRef = 71D9451F29854E330092C58B /* ErrorView.swift */; };
		71EA242C29855FDC0009F1A5 /* ItemsViewModel.swift */ = {isa = PBXBuildFile; fileRef = 71EA242B29855FDC0009F1A5 /* ItemsViewModel.swift */; };
		71EBD89029F5665A00C05B12 /* DisableDeleteView.swift */ = {isa = PBXBuildFile; fileRef = 71EBD88F29F5665A00C05B12 /* DisableDeleteView.swift */; };
		71FE2E662969DB2A00128E61 /* ForgotPasswordView.swift */ = {isa = PBXBuildFile; fileRef = 71FE2E652969DB2A00128E61 /* ForgotPasswordView.swift */; };
		71FE2E6A2969EE6400128E61 /* CustomerFeedbackView.swift */ = {isa = PBXBuildFile; fileRef = 71FE2E692969EE6400128E61 /* CustomerFeedbackView.swift */; };
		0000000000008D0721CEC3E4 /* AboutUsView.swift */ = {isa = PBXBuildFile; fileRef = 8D0721CEC3E33EBC18988B26 /* AboutUsView.swift */; };

		000000000000C94178824135 /* CellItemView.swift */ = {isa = PBXBuildFile; fileRef = C94178824134450704AE59BD /* CellItemView.swift */; };
		000000000000E3051D80664C /* ConductivityLineChartView.swift */ = {isa = PBXBuildFile; fileRef = E3051D80664B676DFE4A9E99 /* ConductivityLineChartView.swift */; };
		0000000000003AE2D3BBCD5F /* ConfirmationView.swift */ = {isa = PBXBuildFile; fileRef = 3AE2D3BBCD5E82937065C549 /* ConfirmationView.swift */; };
		0000000000000A5B720D205F /* ContentViewItemsView.swift */ = {isa = PBXBuildFile; fileRef = 0A5B720D205EBB6663A51B24 /* ContentViewItemsView.swift */; };
		00000000000003F12F7656F0 /* DistanceLineChartView.swift */ = {isa = PBXBuildFile; fileRef = 03F12F7656EF6B92F49BF8F4 /* DistanceLineChartView.swift */; };
		0000000000004CF9C46E22D5 /* FruitPickerView.swift */ = {isa = PBXBuildFile; fileRef = 4CF9C46E22D49B9E8FC16D3D /* FruitPickerView.swift */; };
		0000000000006FDDDA6C64DE /* HamburgerMenuView.swift */ = {isa = PBXBuildFile; fileRef = 6FDDDA6C64DD8473787139C2 /* HamburgerMenuView.swift */; };
		00000000000088FB6B6190E1 /* MainView.swift */ = {isa = PBXBuildFile; fileRef = 88FB6B6190E033C9C862B4E9 /* MainView.swift */; };
		0000000000009B432D9CA434 /* MenuView.swift */ = {isa = PBXBuildFile; fileRef = 9B432D9CA433316FA44CF878 /* MenuView.swift */; };
		0000000000009651D1B66EDB /* MoistureLineChartView.swift */ = {isa = PBXBuildFile; fileRef = 9651D1B66EDAEBC5DC05910B /* MoistureLineChartView.swift */; };
		000000000000C73A41FEEEE8 /* NitrogenLineChartView.swift */ = {isa = PBXBuildFile; fileRef = C73A41FEEEE7E3CCB0FF5B8F /* NitrogenLineChartView.swift */; };
		000000000000D5A94CF49B22 /* PHLineChartView.swift */ = {isa = PBXBuildFile; fileRef = D5A94CF49B2100DEF83964A1 /* PHLineChartView.swift */; };
		0000000000002478878BD37F /* PhosphorusLineChartView.swift */ = {isa = PBXBuildFile; fileRef = 2478878BD37EB58E1CFE3769 /* PhosphorusLineChartView.swift */; };
		000000000000ECD8D3D2A1FC /* PotassiumLineChartView.swift */ = {isa = PBXBuildFile; fileRef = ECD8D3D2A1FB860007CD8B51 /* PotassiumLineChartView.swift */; };
		0000000000006523C985CAD5 /* ReSecureTextFieldView.swift */ = {isa = PBXBuildFile; fileRef = 6523C985CAD46DC1311A0B0D /* ReSecureTextFieldView.swift */; };
		0000000000000AEC652A6414 /* SecondEditAccountView.swift */ = {isa = PBXBuildFile; fileRef = 0AEC652A641374B9C2E585CD /* SecondEditAccountView.swift */; };
		00000000000010C37B0B66F4 /* SecondSignUpView.swift */ = {isa = PBXBuildFile; fileRef = 10C37B0B66F3485FA7A3A668 /* SecondSignUpView.swift */; };
		000000000000804FCBD53FD3 /* SecureTextFieldView.swift */ = {isa = PBXBuildFile; fileRef = 804FCBD53FD285502240E444 /* SecureTextFieldView.swift */; };
		000000000000B8B8D731F1DE /* TemperatureLineChartView.swift */ = {isa = PBXBuildFile; fileRef = B8B8D731F1DDB2D415008BAB /* TemperatureLineChartView.swift */; };
		F2A1B2C3D4E5F67890123457 /* Style.swift */ = {isa = PBXBuildFile; fileRef = F2A1B2C3D4E5F67890123456 /* Style.swift */; };

/* End PBXBuildFile section */

/* Begin PBXCopyFilesBuildPhase section */
		71096C3329F0AA43004D5D3A /* Embed Frameworks */ = {
			isa = PBXCopyFilesBuildPhase;
			buildActionMask = 2147483647;
			dstPath = "";
			dstSubfolderSpec = 10;
			files = (
			);
			name = "Embed Frameworks";
			runOnlyForDeploymentPostprocessing = 0;
		};
/* End PBXCopyFilesBuildPhase section */

/* Begin PBXFileReference section */
		72AABBCCDD11223344556677 /* UsersViewModel.swift */ = {isa = PBXFileReference; lastKnownFileType = sourcecode.swift; path = UsersViewModel.swift; sourceTree = "<group>"; };
		73AABBCCDD11223344556677 /* User.swift */ = {isa = PBXFileReference; lastKnownFileType = sourcecode.swift; path = User.swift; sourceTree = "<group>"; };


		710520BD29843D26002982EA /* Item.swift */ = {isa = PBXFileReference; lastKnownFileType = sourcecode.swift; path = Item.swift; sourceTree = "<group>"; };
		71096C1B29F08DD1004D5D3A /* WorkplaceDetailsView.swift */ = {isa = PBXFileReference; fileEncoding = 4; lastKnownFileType = sourcecode.swift; path = WorkplaceDetailsView.swift; sourceTree = "<group>"; };
		710A0B4029F457F600E80BE1 /* GoogleService-Info.plist */ = {isa = PBXFileReference; fileEncoding = 4; lastKnownFileType = text.plist.xml; path = "GoogleService-Info.plist"; sourceTree = "<group>"; };
		710A0B4229F480FB00E80BE1 /* PHView.swift */ = {isa = PBXFileReference; lastKnownFileType = sourcecode.swift; path = PHView.swift; sourceTree = "<group>"; };
		710A0B4429F484B700E80BE1 /* MoistureView.swift */ = {isa = PBXFileReference; lastKnownFileType = sourcecode.swift; path = MoistureView.swift; sourceTree = "<group>"; };
		710A0B4629F48ABB00E80BE1 /* ConductivityView.swift */ = {isa = PBXFileReference; lastKnownFileType = sourcecode.swift; path = ConductivityView.swift; sourceTree = "<group>"; };
		710A0B4829F48B6700E80BE1 /* TemperatureView.swift */ = {isa = PBXFileReference; lastKnownFileType = sourcecode.swift; path = TemperatureView.swift; sourceTree = "<group>"; };
		710A0B4A29F48BE800E80BE1 /* DistanceView.swift */ = {isa = PBXFileReference; lastKnownFileType = sourcecode.swift; path = DistanceView.swift; sourceTree = "<group>"; };
		710A0B4C29F48C5300E80BE1 /* NitrogenView.swift */ = {isa = PBXFileReference; lastKnownFileType = sourcecode.swift; path = NitrogenView.swift; sourceTree = "<group>"; };
		710A0B4E29F48CC900E80BE1 /* PhosphorusView.swift */ = {isa = PBXFileReference; lastKnownFileType = sourcecode.swift; path = PhosphorusView.swift; sourceTree = "<group>"; };
		710A0B5029F48D6400E80BE1 /* PotassiumView.swift */ = {isa = PBXFileReference; lastKnownFileType = sourcecode.swift; path = PotassiumView.swift; sourceTree = "<group>"; };
		710D6E452969D81C00DA4AEF /* ViewDataView.swift */ = {isa = PBXFileReference; lastKnownFileType = sourcecode.swift; path = ViewDataView.swift; sourceTree = "<group>"; };
		711728632EDA30B300DF9957 /* MoniCrop.app */ = {isa = PBXFileReference; explicitFileType = wrapper.application; includeInIndex = 0; path = MoniCrop.app; sourceTree = BUILT_PRODUCTS_DIR; };
		7163A5ED29EF32D50015E232 /* ViewItemsView.swift */ = {isa = PBXFileReference; fileEncoding = 4; lastKnownFileType = sourcecode.swift; path = ViewItemsView.swift; sourceTree = "<group>"; };
		7163A5EF29EF334E0015E232 /* LandingView.swift */ = {isa = PBXFileReference; fileEncoding = 4; lastKnownFileType = sourcecode.swift; path = LandingView.swift; sourceTree = "<group>"; };
		71692A3B29685063008E9DE8 /* FirstSignUpView.swift */ = {isa = PBXFileReference; lastKnownFileType = sourcecode.swift; path = FirstSignUpView.swift; sourceTree = "<group>"; };
		71692A3D2968507D008E9DE8 /* SignInView.swift */ = {isa = PBXFileReference; lastKnownFileType = sourcecode.swift; path = SignInView.swift; sourceTree = "<group>"; };
		718419AE293A5C2A00D77CE3 /* MoniCropApp.swift */ = {isa = PBXFileReference; lastKnownFileType = sourcecode.swift; path = MoniCropApp.swift; sourceTree = "<group>"; };
		718419B2293A5C2F00D77CE3 /* Assets.xcassets */ = {isa = PBXFileReference; lastKnownFileType = folder.assetcatalog; path = Assets.xcassets; sourceTree = "<group>"; };
		718419B5293A5C2F00D77CE3 /* Preview Assets.xcassets */ = {isa = PBXFileReference; lastKnownFileType = folder.assetcatalog; path = "Preview Assets.xcassets"; sourceTree = "<group>"; };

		71B1F04929F05783004EA5F1 /* FirstEditAccountView.swift */ = {isa = PBXFileReference; fileEncoding = 4; lastKnownFileType = sourcecode.swift; path = FirstEditAccountView.swift; sourceTree = "<group>"; };
		71BA98D12EDB5F760068CAEF /* Config.swift */ = {isa = PBXFileReference; lastKnownFileType = sourcecode.swift; path = Config.swift; sourceTree = "<group>"; };
		71D3744E2988365300755046 /* HomeView.swift */ = {isa = PBXFileReference; lastKnownFileType = sourcecode.swift; path = HomeView.swift; sourceTree = "<group>"; };
		71D9451F29854E330092C58B /* ErrorView.swift */ = {isa = PBXFileReference; lastKnownFileType = sourcecode.swift; path = ErrorView.swift; sourceTree = "<group>"; };
		71EA242B29855FDC0009F1A5 /* ItemsViewModel.swift */ = {isa = PBXFileReference; lastKnownFileType = sourcecode.swift; path = ItemsViewModel.swift; sourceTree = "<group>"; };
		71EBD88F29F5665A00C05B12 /* DisableDeleteView.swift */ = {isa = PBXFileReference; lastKnownFileType = sourcecode.swift; path = DisableDeleteView.swift; sourceTree = "<group>"; };
		71FE2E652969DB2A00128E61 /* ForgotPasswordView.swift */ = {isa = PBXFileReference; lastKnownFileType = sourcecode.swift; path = ForgotPasswordView.swift; sourceTree = "<group>"; };
		71FE2E692969EE6400128E61 /* CustomerFeedbackView.swift */ = {isa = PBXFileReference; lastKnownFileType = sourcecode.swift; path = CustomerFeedbackView.swift; sourceTree = "<group>"; };
		8D0721CEC3E33EBC18988B26 /* AboutUsView.swift */ = {isa = PBXFileReference; lastKnownFileType = sourcecode.swift; path = AboutUsView.swift; sourceTree = "<group>"; };

		C94178824134450704AE59BD /* CellItemView.swift */ = {isa = PBXFileReference; lastKnownFileType = sourcecode.swift; path = CellItemView.swift; sourceTree = "<group>"; };
		E3051D80664B676DFE4A9E99 /* ConductivityLineChartView.swift */ = {isa = PBXFileReference; lastKnownFileType = sourcecode.swift; path = ConductivityLineChartView.swift; sourceTree = "<group>"; };
		3AE2D3BBCD5E82937065C549 /* ConfirmationView.swift */ = {isa = PBXFileReference; lastKnownFileType = sourcecode.swift; path = ConfirmationView.swift; sourceTree = "<group>"; };
		0A5B720D205EBB6663A51B24 /* ContentViewItemsView.swift */ = {isa = PBXFileReference; lastKnownFileType = sourcecode.swift; path = ContentViewItemsView.swift; sourceTree = "<group>"; };
		03F12F7656EF6B92F49BF8F4 /* DistanceLineChartView.swift */ = {isa = PBXFileReference; lastKnownFileType = sourcecode.swift; path = DistanceLineChartView.swift; sourceTree = "<group>"; };
		4CF9C46E22D49B9E8FC16D3D /* FruitPickerView.swift */ = {isa = PBXFileReference; lastKnownFileType = sourcecode.swift; path = FruitPickerView.swift; sourceTree = "<group>"; };
		6FDDDA6C64DD8473787139C2 /* HamburgerMenuView.swift */ = {isa = PBXFileReference; lastKnownFileType = sourcecode.swift; path = HamburgerMenuView.swift; sourceTree = "<group>"; };
		88FB6B6190E033C9C862B4E9 /* MainView.swift */ = {isa = PBXFileReference; lastKnownFileType = sourcecode.swift; path = MainView.swift; sourceTree = "<group>"; };
		9B432D9CA433316FA44CF878 /* MenuView.swift */ = {isa = PBXFileReference; lastKnownFileType = sourcecode.swift; path = MenuView.swift; sourceTree = "<group>"; };
		9651D1B66EDAEBC5DC05910B /* MoistureLineChartView.swift */ = {isa = PBXFileReference; lastKnownFileType = sourcecode.swift; path = MoistureLineChartView.swift; sourceTree = "<group>"; };
		C73A41FEEEE7E3CCB0FF5B8F /* NitrogenLineChartView.swift */ = {isa = PBXFileReference; lastKnownFileType = sourcecode.swift; path = NitrogenLineChartView.swift; sourceTree = "<group>"; };
		D5A94CF49B2100DEF83964A1 /* PHLineChartView.swift */ = {isa = PBXFileReference; lastKnownFileType = sourcecode.swift; path = PHLineChartView.swift; sourceTree = "<group>"; };
		2478878BD37EB58E1CFE3769 /* PhosphorusLineChartView.swift */ = {isa = PBXFileReference; lastKnownFileType = sourcecode.swift; path = PhosphorusLineChartView.swift; sourceTree = "<group>"; };
		ECD8D3D2A1FB860007CD8B51 /* PotassiumLineChartView.swift */ = {isa = PBXFileReference; lastKnownFileType = sourcecode.swift; path = PotassiumLineChartView.swift; sourceTree = "<group>"; };
		6523C985CAD46DC1311A0B0D /* ReSecureTextFieldView.swift */ = {isa = PBXFileReference; lastKnownFileType = sourcecode.swift; path = ReSecureTextFieldView.swift; sourceTree = "<group>"; };
		0AEC652A641374B9C2E585CD /* SecondEditAccountView.swift */ = {isa = PBXFileReference; lastKnownFileType = sourcecode.swift; path = SecondEditAccountView.swift; sourceTree = "<group>"; };
		10C37B0B66F3485FA7A3A668 /* SecondSignUpView.swift */ = {isa = PBXFileReference; lastKnownFileType = sourcecode.swift; path = SecondSignUpView.swift; sourceTree = "<group>"; };
		804FCBD53FD285502240E444 /* SecureTextFieldView.swift */ = {isa = PBXFileReference; lastKnownFileType = sourcecode.swift; path = SecureTextFieldView.swift; sourceTree = "<group>"; };
		B8B8D731F1DDB2D415008BAB /* TemperatureLineChartView.swift */ = {isa = PBXFileReference; lastKnownFileType = sourcecode.swift; path = TemperatureLineChartView.swift; sourceTree = "<group>"; };
		F2A1B2C3D4E5F67890123456 /* Style.swift */ = {isa = PBXFileReference; lastKnownFileType = sourcecode.swift; path = Style.swift; sourceTree = "<group>"; };


/* End PBXFileReference section */

/* Begin PBXFrameworksBuildPhase section */
		718419A8293A5C2A00D77CE3 /* Frameworks */ = {
			isa = PBXFrameworksBuildPhase;
			buildActionMask = 2147483647;
			files = (
				71096C1F29F0914C004D5D3A /* FirebaseAuth in Frameworks */,
				71096C2129F0914C004D5D3A /* FirebaseFirestore in Frameworks */,
				71096C2329F0914C004D5D3A /* FirebaseFirestoreSwift in Frameworks */,
			);
			runOnlyForDeploymentPostprocessing = 0;
		};
/* End PBXFrameworksBuildPhase section */

/* Begin PBXGroup section */
		710520B629843ADE002982EA /* Models */ = {
			isa = PBXGroup;
			children = (
				710520BD29843D26002982EA /* Item.swift */,
				73AABBCCDD11223344556677 /* User.swift */,

			);
			path = Models;
			sourceTree = "<group>";
		};
		710520B729843AEA002982EA /* Views */ = {
			isa = PBXGroup;
			children = (
				71692A3D2968507D008E9DE8 /* SignInView.swift */,
				71FE2E652969DB2A00128E61 /* ForgotPasswordView.swift */,
				71692A3B29685063008E9DE8 /* FirstSignUpView.swift */,
				71096C1B29F08DD1004D5D3A /* WorkplaceDetailsView.swift */,
				71B1F04929F05783004EA5F1 /* FirstEditAccountView.swift */,
					7163A5EF29EF334E0015E232 /* LandingView.swift */,
					8D0721CEC3E33EBC18988B26 /* AboutUsView.swift */,

					C94178824134450704AE59BD /* CellItemView.swift */,
					E3051D80664B676DFE4A9E99 /* ConductivityLineChartView.swift */,
					3AE2D3BBCD5E82937065C549 /* ConfirmationView.swift */,
					0A5B720D205EBB6663A51B24 /* ContentViewItemsView.swift */,
					03F12F7656EF6B92F49BF8F4 /* DistanceLineChartView.swift */,
					4CF9C46E22D49B9E8FC16D3D /* FruitPickerView.swift */,
					6FDDDA6C64DD8473787139C2 /* HamburgerMenuView.swift */,
					88FB6B6190E033C9C862B4E9 /* MainView.swift */,
					9B432D9CA433316FA44CF878 /* MenuView.swift */,
					710D6E452969D81C00DA4AEF /* ViewDataView.swift */,
					7163A5ED29EF32D50015E232 /* ViewItemsView.swift */,
					71FE2E692969EE6400128E61 /* CustomerFeedbackView.swift */,

					9651D1B66EDAEBC5DC05910B /* MoistureLineChartView.swift */,
					C73A41FEEEE7E3CCB0FF5B8F /* NitrogenLineChartView.swift */,
					D5A94CF49B2100DEF83964A1 /* PHLineChartView.swift */,
					2478878BD37EB58E1CFE3769 /* PhosphorusLineChartView.swift */,
					ECD8D3D2A1FB860007CD8B51 /* PotassiumLineChartView.swift */,
					6523C985CAD46DC1311A0B0D /* ReSecureTextFieldView.swift */,
					0AEC652A641374B9C2E585CD /* SecondEditAccountView.swift */,
					10C37B0B66F3485FA7A3A668 /* SecondSignUpView.swift */,
					804FCBD53FD285502240E444 /* SecureTextFieldView.swift */,
					B8B8D731F1DDB2D415008BAB /* TemperatureLineChartView.swift */,
					F2A1B2C3D4E5F67890123456 /* Style.swift */,
				71D9451F29854E330092C58B /* ErrorView.swift */,
				71D3744E2988365300755046 /* HomeView.swift */,
					710A0B4229F480FB00E80BE1 /* PHView.swift */,
					710A0B4429F484B700E80BE1 /* MoistureView.swift */,
					710A0B4629F48ABB00E80BE1 /* ConductivityView.swift */,
					710A0B4829F48B6700E80BE1 /* TemperatureView.swift */,
					710A0B4A29F48BE800E80BE1 /* DistanceView.swift */,
					710A0B4C29F48C5300E80BE1 /* NitrogenView.swift */,
					710A0B4E29F48CC900E80BE1 /* PhosphorusView.swift */,
					710A0B5029F48D6400E80BE1 /* PotassiumView.swift */,
					71EBD88F29F5665A00C05B12 /* DisableDeleteView.swift */,
			);
			path = Views;
			sourceTree = "<group>";
		};
		710520B829843AF6002982EA /* ViewModels */ = {
			isa = PBXGroup;
			children = (
				71EA242B29855FDC0009F1A5 /* ItemsViewModel.swift */,
				72AABBCCDD11223344556677 /* UsersViewModel.swift */,
			);
			path = ViewModels;
			sourceTree = "<group>";
		};
		718419A2293A5C2A00D77CE3 = {
			isa = PBXGroup;
			children = (
				718419AD293A5C2A00D77CE3 /* MoniCrop */,
				711728632EDA30B300DF9957 /* MoniCrop.app */,
			);
			sourceTree = "<group>";
		};
		718419AD293A5C2A00D77CE3 /* MoniCrop */ = {
			isa = PBXGroup;
			children = (
				71BA98D12EDB5F760068CAEF /* Config.swift */,
				718419AE293A5C2A00D77CE3 /* MoniCropApp.swift */,
				710A0B4029F457F600E80BE1 /* GoogleService-Info.plist */,
				710520B629843ADE002982EA /* Models */,
				710520B729843AEA002982EA /* Views */,
				710520B829843AF6002982EA /* ViewModels */,
				718419B2293A5C2F00D77CE3 /* Assets.xcassets */,
				718419B4293A5C2F00D77CE3 /* Preview Content */,
			);
			path = MoniCrop;
			sourceTree = "<group>";
		};
		718419B4293A5C2F00D77CE3 /* Preview Content */ = {
			isa = PBXGroup;
			children = (
				718419B5293A5C2F00D77CE3 /* Preview Assets.xcassets */,
			);
			path = "Preview Content";
			sourceTree = "<group>";
		};
/* End PBXGroup section */

/* Begin PBXNativeTarget section */
		718419AA293A5C2A00D77CE3 /* MoniCrop */ = {
			isa = PBXNativeTarget;
			buildConfigurationList = 718419CF293A5C3000D77CE3 /* Build configuration list for PBXNativeTarget "MoniCrop" */;
			buildPhases = (
				718419A7293A5C2A00D77CE3 /* Sources */,
				718419A8293A5C2A00D77CE3 /* Frameworks */,
				718419A9293A5C2A00D77CE3 /* Resources */,
				71096C3329F0AA43004D5D3A /* Embed Frameworks */,
				7191559529F430BE006A8601 /* ShellScript */,
			);
			buildRules = (
			);
			dependencies = (
			);
			name = MoniCrop;
			packageProductDependencies = (
				71096C1E29F0914C004D5D3A /* FirebaseAuth */,
				71096C2029F0914C004D5D3A /* FirebaseFirestore */,
				71096C2229F0914C004D5D3A /* FirebaseFirestoreSwift */,
			);
			productName = MoniCrop;
			productReference = 711728632EDA30B300DF9957 /* MoniCrop.app */;
			productType = "com.apple.product-type.application";
		};
/* End PBXNativeTarget section */

/* Begin PBXProject section */
		718419A3293A5C2A00D77CE3 /* Project object */ = {
			isa = PBXProject;
			attributes = {
				BuildIndependentTargetsInParallel = 1;
				LastSwiftUpdateCheck = 1410;
				LastUpgradeCheck = 2610;
				TargetAttributes = {
					718419AA293A5C2A00D77CE3 = {
						CreatedOnToolsVersion = 14.1;
					};
				};
			};
			buildConfigurationList = 718419A6293A5C2A00D77CE3 /* Build configuration list for PBXProject "MoniCrop" */;
			compatibilityVersion = "Xcode 14.0";
			developmentRegion = en;
			hasScannedForEncodings = 0;
			knownRegions = (
				en,
				Base,
			);
			mainGroup = 718419A2293A5C2A00D77CE3;
			packageReferences = (
				71096C1D29F0914C004D5D3A /* XCRemoteSwiftPackageReference "firebase-ios-sdk" */,
				71096C3529F0AAA3004D5D3A /* XCRemoteSwiftPackageReference "swift-algorithms" */,
				7191559229F3FE63006A8601 /* XCRemoteSwiftPackageReference "Charts" */,
			);
			productRefGroup = 718419A2293A5C2A00D77CE3;
			projectDirPath = "";
			projectRoot = "";
			targets = (
				718419AA293A5C2A00D77CE3 /* MoniCrop */,
			);
		};
/* End PBXProject section */

/* Begin PBXResourcesBuildPhase section */
		718419A9293A5C2A00D77CE3 /* Resources */ = {
			isa = PBXResourcesBuildPhase;
			buildActionMask = 2147483647;
			files = (
				718419B6293A5C2F00D77CE3 /* Preview Assets.xcassets in Resources */,
				710A0B4129F457F600E80BE1 /* GoogleService-Info.plist in Resources */,
				718419B3293A5C2F00D77CE3 /* Assets.xcassets in Resources */,
			);
			runOnlyForDeploymentPostprocessing = 0;
		};
/* End PBXResourcesBuildPhase section */

/* Begin PBXShellScriptBuildPhase section */
		7191559529F430BE006A8601 /* ShellScript */ = {
			isa = PBXShellScriptBuildPhase;
			alwaysOutOfDate = 1;
			buildActionMask = 2147483647;
			files = (
			);
			inputFileListPaths = (
			);
			inputPaths = (
			);
			outputFileListPaths = (
			);
			outputPaths = (
			);
			runOnlyForDeploymentPostprocessing = 0;
			shellPath = /bin/sh;
			shellScript = "# Type a script or drag a script file from your workspace to insert its path.\n";
		};
/* End PBXShellScriptBuildPhase section */

/* Begin PBXSourcesBuildPhase section */
		718419A7293A5C2A00D77CE3 /* Sources */ = {
			isa = PBXSourcesBuildPhase;
			buildActionMask = 2147483647;
			files = (
					710A0B4F29F48CC900E80BE1 /* PhosphorusView.swift */,
					F2A1B2C3D4E5F67890123457 /* Style.swift */,
					71FE2E6A2969EE6400128E61 /* CustomerFeedbackView.swift */,
				71692A3C29685063008E9DE8 /* FirstSignUpView.swift */,
				71D9452029854E330092C58B /* ErrorView.swift */,
				710A0B4329F480FB00E80BE1 /* PHView.swift */,
				710A0B4B29F48BE800E80BE1 /* DistanceView.swift */,
				710A0B5129F48D6400E80BE1 /* PotassiumView.swift */,
					71EBD89029F5665A00C05B12 /* DisableDeleteView.swift */,
					7163A5EE29EF32D50015E232 /* ViewItemsView.swift */,
					0000000000008D0721CEC3E4 /* AboutUsView.swift */,

					000000000000C94178824135 /* CellItemView.swift */,
					000000000000E3051D80664C /* ConductivityLineChartView.swift */,
					0000000000003AE2D3BBCD5F /* ConfirmationView.swift */,
					0000000000000A5B720D205F /* ContentViewItemsView.swift */,
					00000000000003F12F7656F0 /* DistanceLineChartView.swift */,
					0000000000004CF9C46E22D5 /* FruitPickerView.swift */,
					0000000000006FDDDA6C64DE /* HamburgerMenuView.swift */,
					00000000000088FB6B6190E1 /* MainView.swift */,
					0000000000009B432D9CA434 /* MenuView.swift */,
					0000000000009651D1B66EDB /* MoistureLineChartView.swift */,
					000000000000C73A41FEEEE8 /* NitrogenLineChartView.swift */,
					000000000000D5A94CF49B22 /* PHLineChartView.swift */,
					0000000000002478878BD37F /* PhosphorusLineChartView.swift */,
					000000000000ECD8D3D2A1FC /* PotassiumLineChartView.swift */,
					0000000000006523C985CAD5 /* ReSecureTextFieldView.swift */,
					0000000000000AEC652A6414 /* SecondEditAccountView.swift */,
					00000000000010C37B0B66F4 /* SecondSignUpView.swift */,
					000000000000804FCBD53FD3 /* SecureTextFieldView.swift */,
					000000000000B8B8D731F1DE /* TemperatureLineChartView.swift */,
				710A0B4D29F48C5300E80BE1 /* NitrogenView.swift */,
				71EA242C29855FDC0009F1A5 /* ItemsViewModel.swift */,
				71FE2E662969DB2A00128E61 /* ForgotPasswordView.swift */,
				710A0B4729F48ABB00E80BE1 /* ConductivityView.swift */,
				7163A5F029EF334E0015E232 /* LandingView.swift */,
				71D3744F2988365300755046 /* HomeView.swift */,
				71096C1C29F08DD1004D5D3A /* WorkplaceDetailsView.swift */,
				71B1F04A29F05784004EA5F1 /* FirstEditAccountView.swift */,
				710A0B4529F484B700E80BE1 /* MoistureView.swift */,
				71BA98D22EDB5F760068CAEF /* Config.swift */,
				718419AF293A5C2A00D77CE3 /* MoniCropApp.swift */,
				710520BE29843D26002982EA /* Item.swift */,
				710A0B4929F48B6700E80BE1 /* TemperatureView.swift */,
				710D6E462969D81C00DA4AEF /* ViewDataView.swift */,
				72AABBCCDD11223344556678 /* UsersViewModel.swift */,
				73AABBCCDD11223344556678 /* User.swift */,


				71692A3E2968507D008E9DE8 /* SignInView.swift */,
			);
			runOnlyForDeploymentPostprocessing = 0;
		};
/* End PBXSourcesBuildPhase section */

/* Begin XCBuildConfiguration section */
		718419CD293A5C3000D77CE3 /* Debug */ = {
			isa = XCBuildConfiguration;
			buildSettings = {
				ALWAYS_SEARCH_USER_PATHS = NO;
				CLANG_ANALYZER_NONNULL = YES;
				CLANG_ANALYZER_NUMBER_OBJECT_CONVERSION = YES_AGGRESSIVE;
				CLANG_CXX_LANGUAGE_STANDARD = "gnu++20";
				CLANG_ENABLE_MODULES = YES;
				CLANG_ENABLE_OBJC_ARC = YES;
				CLANG_ENABLE_OBJC_WEAK = YES;
				CLANG_WARN_BLOCK_CAPTURE_AUTORELEASING = YES;
				CLANG_WARN_BOOL_CONVERSION = YES;
				CLANG_WARN_COMMA = YES;
				CLANG_WARN_CONSTANT_CONVERSION = YES;
				CLANG_WARN_DEPRECATED_OBJC_IMPLEMENTATIONS = YES;
				CLANG_WARN_DIRECT_OBJC_ISA_USAGE = YES_ERROR;
				CLANG_WARN_DOCUMENTATION_COMMENTS = YES;
				CLANG_WARN_EMPTY_BODY = YES;
				CLANG_WARN_ENUM_CONVERSION = YES;
				CLANG_WARN_INFINITE_RECURSION = YES;
				CLANG_WARN_INT_CONVERSION = YES;
				CLANG_WARN_NON_LITERAL_NULL_CONVERSION = YES;
				CLANG_WARN_OBJC_IMPLICIT_RETAIN_SELF = YES;
				CLANG_WARN_OBJC_LITERAL_CONVERSION = YES;
				CLANG_WARN_OBJC_ROOT_CLASS = YES_ERROR;
				CLANG_WARN_QUOTED_INCLUDE_IN_FRAMEWORK_HEADER = YES;
				CLANG_WARN_RANGE_LOOP_ANALYSIS = YES;
				CLANG_WARN_STRICT_PROTOTYPES = YES;
				CLANG_WARN_SUSPICIOUS_MOVE = YES;
				CLANG_WARN_UNGUARDED_AVAILABILITY = YES_AGGRESSIVE;
				CLANG_WARN_UNREACHABLE_CODE = YES;
				CLANG_WARN__DUPLICATE_METHOD_MATCH = YES;
				COPY_PHASE_STRIP = NO;
				DEBUG_INFORMATION_FORMAT = dwarf;
				DEVELOPMENT_TEAM = 7K4G6B8W29;
				ENABLE_STRICT_OBJC_MSGSEND = YES;
				ENABLE_TESTABILITY = YES;
				ENABLE_USER_SCRIPT_SANDBOXING = YES;
				GCC_C_LANGUAGE_STANDARD = gnu11;
				GCC_DYNAMIC_NO_PIC = NO;
				GCC_NO_COMMON_BLOCKS = YES;
				GCC_OPTIMIZATION_LEVEL = 0;
				GCC_PREPROCESSOR_DEFINITIONS = (
					"DEBUG=1",
					"$(inherited)",
				);
				GCC_WARN_64_TO_32_BIT_CONVERSION = YES;
				GCC_WARN_ABOUT_RETURN_TYPE = YES_ERROR;
				GCC_WARN_UNDECLARED_SELECTOR = YES;
				GCC_WARN_UNINITIALIZED_AUTOS = YES_AGGRESSIVE;
				GCC_WARN_UNUSED_FUNCTION = YES;
				GCC_WARN_UNUSED_VARIABLE = YES;
				IPHONEOS_DEPLOYMENT_TARGET = 16.1;
				MTL_ENABLE_DEBUG_INFO = INCLUDE_SOURCE;
				MTL_FAST_MATH = YES;
				ONLY_ACTIVE_ARCH = YES;
				SDKROOT = iphoneos;
				STRING_CATALOG_GENERATE_SYMBOLS = YES;
				SWIFT_ACTIVE_COMPILATION_CONDITIONS = DEBUG;
				SWIFT_OPTIMIZATION_LEVEL = "-Onone";
			};
			name = Debug;
		};
		718419CE293A5C3000D77CE3 /* Release */ = {
			isa = XCBuildConfiguration;
			buildSettings = {
				ALWAYS_SEARCH_USER_PATHS = NO;
				CLANG_ANALYZER_NONNULL = YES;
				CLANG_ANALYZER_NUMBER_OBJECT_CONVERSION = YES_AGGRESSIVE;
				CLANG_CXX_LANGUAGE_STANDARD = "gnu++20";
				CLANG_ENABLE_MODULES = YES;
				CLANG_ENABLE_OBJC_ARC = YES;
				CLANG_ENABLE_OBJC_WEAK = YES;
				CLANG_WARN_BLOCK_CAPTURE_AUTORELEASING = YES;
				CLANG_WARN_BOOL_CONVERSION = YES;
				CLANG_WARN_COMMA = YES;
				CLANG_WARN_CONSTANT_CONVERSION = YES;
				CLANG_WARN_DEPRECATED_OBJC_IMPLEMENTATIONS = YES;
				CLANG_WARN_DIRECT_OBJC_ISA_USAGE = YES_ERROR;
				CLANG_WARN_DOCUMENTATION_COMMENTS = YES;
				CLANG_WARN_EMPTY_BODY = YES;
				CLANG_WARN_ENUM_CONVERSION = YES;
				CLANG_WARN_INFINITE_RECURSION = YES;
				CLANG_WARN_INT_CONVERSION = YES;
				CLANG_WARN_NON_LITERAL_NULL_CONVERSION = YES;
				CLANG_WARN_OBJC_IMPLICIT_RETAIN_SELF = YES;
				CLANG_WARN_OBJC_LITERAL_CONVERSION = YES;
				CLANG_WARN_OBJC_ROOT_CLASS = YES_ERROR;
				CLANG_WARN_QUOTED_INCLUDE_IN_FRAMEWORK_HEADER = YES;
				CLANG_WARN_RANGE_LOOP_ANALYSIS = YES;
				CLANG_WARN_STRICT_PROTOTYPES = YES;
				CLANG_WARN_SUSPICIOUS_MOVE = YES;
				CLANG_WARN_UNGUARDED_AVAILABILITY = YES_AGGRESSIVE;
				CLANG_WARN_UNREACHABLE_CODE = YES;
				CLANG_WARN__DUPLICATE_METHOD_MATCH = YES;
				COPY_PHASE_STRIP = NO;
				DEBUG_INFORMATION_FORMAT = "dwarf-with-dsym";
				DEVELOPMENT_TEAM = 7K4G6B8W29;
				ENABLE_NS_ASSERTIONS = NO;
				ENABLE_STRICT_OBJC_MSGSEND = YES;
				ENABLE_USER_SCRIPT_SANDBOXING = YES;
				GCC_C_LANGUAGE_STANDARD = gnu11;
				GCC_NO_COMMON_BLOCKS = YES;
				GCC_WARN_64_TO_32_BIT_CONVERSION = YES;
				GCC_WARN_ABOUT_RETURN_TYPE = YES_ERROR;
				GCC_WARN_UNDECLARED_SELECTOR = YES;
				GCC_WARN_UNINITIALIZED_AUTOS = YES_AGGRESSIVE;
				GCC_WARN_UNUSED_FUNCTION = YES;
				GCC_WARN_UNUSED_VARIABLE = YES;
				IPHONEOS_DEPLOYMENT_TARGET = 16.1;
				MTL_ENABLE_DEBUG_INFO = NO;
				MTL_FAST_MATH = YES;
				SDKROOT = iphoneos;
				STRING_CATALOG_GENERATE_SYMBOLS = YES;
				SWIFT_COMPILATION_MODE = wholemodule;
				SWIFT_OPTIMIZATION_LEVEL = "-O";
				VALIDATE_PRODUCT = YES;
			};
			name = Release;
		};
		718419D0293A5C3000D77CE3 /* Debug */ = {
			isa = XCBuildConfiguration;
			buildSettings = {
				ASSETCATALOG_COMPILER_APPICON_NAME = AppIcon;
				ASSETCATALOG_COMPILER_GLOBAL_ACCENT_COLOR_NAME = AccentColor;
				CODE_SIGN_STYLE = Automatic;
				CURRENT_PROJECT_VERSION = 1;
				DEVELOPMENT_ASSET_PATHS = "\"MoniCrop/Preview Content\"";
				DEVELOPMENT_TEAM = "";
				ENABLE_PREVIEWS = YES;
				GENERATE_INFOPLIST_FILE = YES;
				INFOPLIST_KEY_CFBundleDisplayName = MoniCrop;
				INFOPLIST_KEY_LSApplicationCategoryType = "public.app-category.business";
				INFOPLIST_KEY_UIApplicationSceneManifest_Generation = YES;
				INFOPLIST_KEY_UIApplicationSupportsIndirectInputEvents = YES;
				INFOPLIST_KEY_UILaunchScreen_Generation = YES;
				INFOPLIST_KEY_UISupportedInterfaceOrientations_iPad = "UIInterfaceOrientationPortrait UIInterfaceOrientationPortraitUpsideDown UIInterfaceOrientationLandscapeLeft UIInterfaceOrientationLandscapeRight";
				INFOPLIST_KEY_UISupportedInterfaceOrientations_iPhone = "UIInterfaceOrientationPortrait UIInterfaceOrientationLandscapeLeft UIInterfaceOrientationLandscapeRight";
				LD_RUNPATH_SEARCH_PATHS = (
					"$(inherited)",
					"@executable_path/Frameworks",
				);
				MARKETING_VERSION = 1.0;
				PRODUCT_BUNDLE_IDENTIFIER = MoniCrop.MoniCrop;
				PRODUCT_NAME = "$(TARGET_NAME)";
				SWIFT_EMIT_LOC_STRINGS = YES;
				SWIFT_VERSION = 5.0;
				TARGETED_DEVICE_FAMILY = "1,2";
			};
			name = Debug;
		};
		718419D1293A5C3000D77CE3 /* Release */ = {
			isa = XCBuildConfiguration;
			buildSettings = {
				ASSETCATALOG_COMPILER_APPICON_NAME = AppIcon;
				ASSETCATALOG_COMPILER_GLOBAL_ACCENT_COLOR_NAME = AccentColor;
				CODE_SIGN_STYLE = Automatic;
				CURRENT_PROJECT_VERSION = 1;
				DEVELOPMENT_ASSET_PATHS = "\"MoniCrop/Preview Content\"";
				DEVELOPMENT_TEAM = "";
				ENABLE_PREVIEWS = YES;
				GENERATE_INFOPLIST_FILE = YES;
				INFOPLIST_KEY_CFBundleDisplayName = MoniCrop;
				INFOPLIST_KEY_LSApplicationCategoryType = "public.app-category.business";
				INFOPLIST_KEY_UIApplicationSceneManifest_Generation = YES;
				INFOPLIST_KEY_UIApplicationSupportsIndirectInputEvents = YES;
				INFOPLIST_KEY_UILaunchScreen_Generation = YES;
				INFOPLIST_KEY_UISupportedInterfaceOrientations_iPad = "UIInterfaceOrientationPortrait UIInterfaceOrientationPortraitUpsideDown UIInterfaceOrientationLandscapeLeft UIInterfaceOrientationLandscapeRight";
				INFOPLIST_KEY_UISupportedInterfaceOrientations_iPhone = "UIInterfaceOrientationPortrait UIInterfaceOrientationLandscapeLeft UIInterfaceOrientationLandscapeRight";
				LD_RUNPATH_SEARCH_PATHS = (
					"$(inherited)",
					"@executable_path/Frameworks",
				);
				MARKETING_VERSION = 1.0;
				PRODUCT_BUNDLE_IDENTIFIER = MoniCrop.MoniCrop;
				PRODUCT_NAME = "$(TARGET_NAME)";
				SWIFT_EMIT_LOC_STRINGS = YES;
				SWIFT_VERSION = 5.0;
				TARGETED_DEVICE_FAMILY = "1,2";
			};
			name = Release;
		};
/* End XCBuildConfiguration section */

/* Begin XCConfigurationList section */
		718419A6293A5C2A00D77CE3 /* Build configuration list for PBXProject "MoniCrop" */ = {
			isa = XCConfigurationList;
			buildConfigurations = (
				718419CD293A5C3000D77CE3 /* Debug */,
				718419CE293A5C3000D77CE3 /* Release */,
			);
			defaultConfigurationIsVisible = 0;
			defaultConfigurationName = Release;
		};
		718419CF293A5C3000D77CE3 /* Build configuration list for PBXNativeTarget "MoniCrop" */ = {
			isa = XCConfigurationList;
			buildConfigurations = (
				718419D0293A5C3000D77CE3 /* Debug */,
				718419D1293A5C3000D77CE3 /* Release */,
			);
			defaultConfigurationIsVisible = 0;
			defaultConfigurationName = Release;
		};
/* End XCConfigurationList section */

/* Begin XCRemoteSwiftPackageReference section */
		71096C1D29F0914C004D5D3A /* XCRemoteSwiftPackageReference "firebase-ios-sdk" */ = {
			isa = XCRemoteSwiftPackageReference;
			repositoryURL = "https://github.com/firebase/firebase-ios-sdk";
			requirement = {
				kind = upToNextMajorVersion;
				minimumVersion = 9.0.0;
			};
		};
		71096C3529F0AAA3004D5D3A /* XCRemoteSwiftPackageReference "swift-algorithms" */ = {
			isa = XCRemoteSwiftPackageReference;
			repositoryURL = "https://github.com/apple/swift-algorithms.git";
			requirement = {
				kind = upToNextMajorVersion;
				minimumVersion = 1.0.0;
			};
		};
		7191559229F3FE63006A8601 /* XCRemoteSwiftPackageReference "Charts" */ = {
			isa = XCRemoteSwiftPackageReference;
			repositoryURL = "https://github.com/danielgindi/Charts.git";
			requirement = {
				kind = upToNextMajorVersion;
				minimumVersion = 4.1.0;
			};
		};
/* End XCRemoteSwiftPackageReference section */

/* Begin XCSwiftPackageProductDependency section */
		71096C1E29F0914C004D5D3A /* FirebaseAuth */ = {
			isa = XCSwiftPackageProductDependency;
			package = 71096C1D29F0914C004D5D3A /* XCRemoteSwiftPackageReference "firebase-ios-sdk" */;
			productName = FirebaseAuth;
		};
		71096C2029F0914C004D5D3A /* FirebaseFirestore */ = {
			isa = XCSwiftPackageProductDependency;
			package = 71096C1D29F0914C004D5D3A /* XCRemoteSwiftPackageReference "firebase-ios-sdk" */;
			productName = FirebaseFirestore;
		};
		71096C2229F0914C004D5D3A /* FirebaseFirestoreSwift */ = {
			isa = XCSwiftPackageProductDependency;
			package = 71096C1D29F0914C004D5D3A /* XCRemoteSwiftPackageReference "firebase-ios-sdk" */;
			productName = FirebaseFirestoreSwift;
		};
/* End XCSwiftPackageProductDependency section */
	};
	rootObject = 718419A3293A5C2A00D77CE3 /* Project object */;
}
